// !$*UTF8*$!
{
	archiveVersion = 1;
	classes = {
	};
	objectVersion = 51;
	objects = {

/* Begin PBXBuildFile section */
		6B06038526E0ED1100AEF549 /* EventNameCell.swift in Sources */ = {isa = PBXBuildFile; fileRef = 6B06038426E0ED1100AEF549 /* EventNameCell.swift */; };
		6B06038726E0ED8400AEF549 /* DateCell.swift in Sources */ = {isa = PBXBuildFile; fileRef = 6B06038626E0ED8400AEF549 /* DateCell.swift */; };
		6B06038926E0EDD100AEF549 /* CategoryCell.swift in Sources */ = {isa = PBXBuildFile; fileRef = 6B06038826E0EDD100AEF549 /* CategoryCell.swift */; };
		6B2BD1FA26E745750051C6A6 /* ListCell.swift in Sources */ = {isa = PBXBuildFile; fileRef = 6B2BD1F926E745740051C6A6 /* ListCell.swift */; };
		6B3F0DCC26DE3A9400DB9B00 /* List.swift in Sources */ = {isa = PBXBuildFile; fileRef = 6B3F0DCB26DE3A9400DB9B00 /* List.swift */; };
		6B4ABF4726DDF1C70010A5D0 /* AppDelegate.swift in Sources */ = {isa = PBXBuildFile; fileRef = 6B4ABF4626DDF1C70010A5D0 /* AppDelegate.swift */; };
		6B4ABF4926DDF1C70010A5D0 /* SceneDelegate.swift in Sources */ = {isa = PBXBuildFile; fileRef = 6B4ABF4826DDF1C70010A5D0 /* SceneDelegate.swift */; };
		6B4ABF4B26DDF1C70010A5D0 /* ViewController.swift in Sources */ = {isa = PBXBuildFile; fileRef = 6B4ABF4A26DDF1C70010A5D0 /* ViewController.swift */; };
		6B4ABF4E26DDF1C70010A5D0 /* Main.storyboard in Resources */ = {isa = PBXBuildFile; fileRef = 6B4ABF4C26DDF1C70010A5D0 /* Main.storyboard */; };
		6B4ABF5026DDF1C80010A5D0 /* Assets.xcassets in Resources */ = {isa = PBXBuildFile; fileRef = 6B4ABF4F26DDF1C80010A5D0 /* Assets.xcassets */; };
		6B4ABF5326DDF1C80010A5D0 /* LaunchScreen.storyboard in Resources */ = {isa = PBXBuildFile; fileRef = 6B4ABF5126DDF1C80010A5D0 /* LaunchScreen.storyboard */; };
		6B797A0526E224EE0076A2CF /* CategoryController.swift in Sources */ = {isa = PBXBuildFile; fileRef = 6B797A0426E224EE0076A2CF /* CategoryController.swift */; };
		6BBA60B126E0ABAE008FD70E /* AddEventController.swift in Sources */ = {isa = PBXBuildFile; fileRef = 6BBA60B026E0ABAE008FD70E /* AddEventController.swift */; };
		6BC34ECF26DF5878001BEF8E /* (null) in Embed Frameworks */ = {isa = PBXBuildFile; settings = {ATTRIBUTES = (CodeSignOnCopy, RemoveHeadersOnCopy, ); }; };
		BE5F932FDC7E8C03E62743AC /* Pods_DDay.framework in Frameworks */ = {isa = PBXBuildFile; fileRef = EC6A4231D7672A512C9CEAA0 /* Pods_DDay.framework */; };
/* End PBXBuildFile section */

/* Begin PBXCopyFilesBuildPhase section */
		6BC34ED026DF5878001BEF8E /* Embed Frameworks */ = {
			isa = PBXCopyFilesBuildPhase;
			buildActionMask = 2147483647;
			dstPath = "";
			dstSubfolderSpec = 10;
			files = (
				6BC34ECF26DF5878001BEF8E /* (null) in Embed Frameworks */,
			);
			name = "Embed Frameworks";
			runOnlyForDeploymentPostprocessing = 0;
		};
/* End PBXCopyFilesBuildPhase section */

/* Begin PBXFileReference section */
		1535A7EC0F39EA4316583496 /* Pods-DDay.debug.xcconfig */ = {isa = PBXFileReference; includeInIndex = 1; lastKnownFileType = text.xcconfig; name = "Pods-DDay.debug.xcconfig"; path = "Target Support Files/Pods-DDay/Pods-DDay.debug.xcconfig"; sourceTree = "<group>"; };
		38F91177D5F5FC00B9116EDA /* Pods-DDay.release.xcconfig */ = {isa = PBXFileReference; includeInIndex = 1; lastKnownFileType = text.xcconfig; name = "Pods-DDay.release.xcconfig"; path = "Target Support Files/Pods-DDay/Pods-DDay.release.xcconfig"; sourceTree = "<group>"; };
		6B06038426E0ED1100AEF549 /* EventNameCell.swift */ = {isa = PBXFileReference; lastKnownFileType = sourcecode.swift; path = EventNameCell.swift; sourceTree = "<group>"; };
		6B06038626E0ED8400AEF549 /* DateCell.swift */ = {isa = PBXFileReference; lastKnownFileType = sourcecode.swift; path = DateCell.swift; sourceTree = "<group>"; };
		6B06038826E0EDD100AEF549 /* CategoryCell.swift */ = {isa = PBXFileReference; lastKnownFileType = sourcecode.swift; path = CategoryCell.swift; sourceTree = "<group>"; };
		6B2BD1F926E745740051C6A6 /* ListCell.swift */ = {isa = PBXFileReference; lastKnownFileType = sourcecode.swift; path = ListCell.swift; sourceTree = "<group>"; };
		6B3F0DCB26DE3A9400DB9B00 /* List.swift */ = {isa = PBXFileReference; lastKnownFileType = sourcecode.swift; path = List.swift; sourceTree = "<group>"; };
		6B4ABF4326DDF1C70010A5D0 /* DDay.app */ = {isa = PBXFileReference; explicitFileType = wrapper.application; includeInIndex = 0; path = DDay.app; sourceTree = BUILT_PRODUCTS_DIR; };
		6B4ABF4626DDF1C70010A5D0 /* AppDelegate.swift */ = {isa = PBXFileReference; lastKnownFileType = sourcecode.swift; path = AppDelegate.swift; sourceTree = "<group>"; };
		6B4ABF4826DDF1C70010A5D0 /* SceneDelegate.swift */ = {isa = PBXFileReference; lastKnownFileType = sourcecode.swift; path = SceneDelegate.swift; sourceTree = "<group>"; };
		6B4ABF4A26DDF1C70010A5D0 /* ViewController.swift */ = {isa = PBXFileReference; lastKnownFileType = sourcecode.swift; path = ViewController.swift; sourceTree = "<group>"; };
		6B4ABF4D26DDF1C70010A5D0 /* Base */ = {isa = PBXFileReference; lastKnownFileType = file.storyboard; name = Base; path = Base.lproj/Main.storyboard; sourceTree = "<group>"; };
		6B4ABF4F26DDF1C80010A5D0 /* Assets.xcassets */ = {isa = PBXFileReference; lastKnownFileType = folder.assetcatalog; path = Assets.xcassets; sourceTree = "<group>"; };
		6B4ABF5226DDF1C80010A5D0 /* Base */ = {isa = PBXFileReference; lastKnownFileType = file.storyboard; name = Base; path = Base.lproj/LaunchScreen.storyboard; sourceTree = "<group>"; };
		6B4ABF5426DDF1C80010A5D0 /* Info.plist */ = {isa = PBXFileReference; lastKnownFileType = text.plist.xml; path = Info.plist; sourceTree = "<group>"; };
		6B797A0426E224EE0076A2CF /* CategoryController.swift */ = {isa = PBXFileReference; lastKnownFileType = sourcecode.swift; path = CategoryController.swift; sourceTree = "<group>"; };
		6BBA60B026E0ABAE008FD70E /* AddEventController.swift */ = {isa = PBXFileReference; lastKnownFileType = sourcecode.swift; path = AddEventController.swift; sourceTree = "<group>"; };
		6BC34EC626DF56F5001BEF8E /* Realm.framework */ = {isa = PBXFileReference; explicitFileType = wrapper.framework; path = Realm.framework; sourceTree = BUILT_PRODUCTS_DIR; };
		6BC34EC726DF56F5001BEF8E /* RealmSwift.framework */ = {isa = PBXFileReference; explicitFileType = wrapper.framework; path = RealmSwift.framework; sourceTree = BUILT_PRODUCTS_DIR; };
		6BC34ED126DF5AE6001BEF8E /* RealmSwift.framework */ = {isa = PBXFileReference; explicitFileType = wrapper.framework; path = RealmSwift.framework; sourceTree = BUILT_PRODUCTS_DIR; };
		EC6A4231D7672A512C9CEAA0 /* Pods_DDay.framework */ = {isa = PBXFileReference; explicitFileType = wrapper.framework; includeInIndex = 0; path = Pods_DDay.framework; sourceTree = BUILT_PRODUCTS_DIR; };
/* End PBXFileReference section */

/* Begin PBXFrameworksBuildPhase section */
		6B4ABF4026DDF1C70010A5D0 /* Frameworks */ = {
			isa = PBXFrameworksBuildPhase;
			buildActionMask = 2147483647;
			files = (
				BE5F932FDC7E8C03E62743AC /* Pods_DDay.framework in Frameworks */,
			);
			runOnlyForDeploymentPostprocessing = 0;
		};
/* End PBXFrameworksBuildPhase section */

/* Begin PBXGroup section */
		003C5CEDABD50726F3DDB9E7 /* Frameworks */ = {
			isa = PBXGroup;
			children = (
				6BC34ED126DF5AE6001BEF8E /* RealmSwift.framework */,
				6BC34EC626DF56F5001BEF8E /* Realm.framework */,
				6BC34EC726DF56F5001BEF8E /* RealmSwift.framework */,
				EC6A4231D7672A512C9CEAA0 /* Pods_DDay.framework */,
			);
			name = Frameworks;
			sourceTree = "<group>";
		};
		6B3F0DCA26DE3A8400DB9B00 /* Model */ = {
			isa = PBXGroup;
			children = (
				6B3F0DCB26DE3A9400DB9B00 /* List.swift */,
			);
			path = Model;
			sourceTree = "<group>";
		};
		6B4ABF3A26DDF1C70010A5D0 = {
			isa = PBXGroup;
			children = (
				6B4ABF4526DDF1C70010A5D0 /* DDay */,
				6B4ABF4426DDF1C70010A5D0 /* Products */,
				F5381A175ED4924C38452467 /* Pods */,
				003C5CEDABD50726F3DDB9E7 /* Frameworks */,
			);
			sourceTree = "<group>";
		};
		6B4ABF4426DDF1C70010A5D0 /* Products */ = {
			isa = PBXGroup;
			children = (
				6B4ABF4326DDF1C70010A5D0 /* DDay.app */,
			);
			name = Products;
			sourceTree = "<group>";
		};
		6B4ABF4526DDF1C70010A5D0 /* DDay */ = {
			isa = PBXGroup;
			children = (
				6BBA60B326E0ABBF008FD70E /* View */,
				6BBA60B226E0ABB2008FD70E /* Controller */,
				6B3F0DCA26DE3A8400DB9B00 /* Model */,
				6B4ABF4626DDF1C70010A5D0 /* AppDelegate.swift */,
				6B4ABF4826DDF1C70010A5D0 /* SceneDelegate.swift */,
				6B4ABF4F26DDF1C80010A5D0 /* Assets.xcassets */,
				6B4ABF5126DDF1C80010A5D0 /* LaunchScreen.storyboard */,
				6B4ABF5426DDF1C80010A5D0 /* Info.plist */,
			);
			path = DDay;
			sourceTree = "<group>";
		};
		6BBA60B226E0ABB2008FD70E /* Controller */ = {
			isa = PBXGroup;
			children = (
				6B797A0426E224EE0076A2CF /* CategoryController.swift */,
				6BBA60B026E0ABAE008FD70E /* AddEventController.swift */,
				6B4ABF4A26DDF1C70010A5D0 /* ViewController.swift */,
			);
			path = Controller;
			sourceTree = "<group>";
		};
		6BBA60B326E0ABBF008FD70E /* View */ = {
			isa = PBXGroup;
			children = (
				6B4ABF4C26DDF1C70010A5D0 /* Main.storyboard */,
				6B06038426E0ED1100AEF549 /* EventNameCell.swift */,
				6B06038626E0ED8400AEF549 /* DateCell.swift */,
				6B06038826E0EDD100AEF549 /* CategoryCell.swift */,
				6B2BD1F926E745740051C6A6 /* ListCell.swift */,
			);
			path = View;
			sourceTree = "<group>";
		};
		F5381A175ED4924C38452467 /* Pods */ = {
			isa = PBXGroup;
			children = (
				1535A7EC0F39EA4316583496 /* Pods-DDay.debug.xcconfig */,
				38F91177D5F5FC00B9116EDA /* Pods-DDay.release.xcconfig */,
			);
			path = Pods;
			sourceTree = "<group>";
		};
/* End PBXGroup section */

/* Begin PBXNativeTarget section */
		6B4ABF4226DDF1C70010A5D0 /* DDay */ = {
			isa = PBXNativeTarget;
			buildConfigurationList = 6B4ABF5726DDF1C80010A5D0 /* Build configuration list for PBXNativeTarget "DDay" */;
			buildPhases = (
				505AAB7456E5623D0D34B36C /* [CP] Check Pods Manifest.lock */,
				6B4ABF3F26DDF1C70010A5D0 /* Sources */,
				6B4ABF4026DDF1C70010A5D0 /* Frameworks */,
				6B4ABF4126DDF1C70010A5D0 /* Resources */,
				6BC34ED026DF5878001BEF8E /* Embed Frameworks */,
				28F594FA0C64D15A58FB9F62 /* [CP] Embed Pods Frameworks */,
			);
			buildRules = (
			);
			dependencies = (
			);
			name = DDay;
			productName = DDay;
			productReference = 6B4ABF4326DDF1C70010A5D0 /* DDay.app */;
			productType = "com.apple.product-type.application";
		};
/* End PBXNativeTarget section */

/* Begin PBXProject section */
		6B4ABF3B26DDF1C70010A5D0 /* Project object */ = {
			isa = PBXProject;
			attributes = {
				LastSwiftUpdateCheck = 1250;
				LastUpgradeCheck = 1250;
				TargetAttributes = {
					6B4ABF4226DDF1C70010A5D0 = {
						CreatedOnToolsVersion = 12.5.1;
					};
				};
			};
			buildConfigurationList = 6B4ABF3E26DDF1C70010A5D0 /* Build configuration list for PBXProject "DDay" */;
			compatibilityVersion = "Xcode 9.3";
			developmentRegion = en;
			hasScannedForEncodings = 0;
			knownRegions = (
				en,
				Base,
			);
			mainGroup = 6B4ABF3A26DDF1C70010A5D0;
			productRefGroup = 6B4ABF4426DDF1C70010A5D0 /* Products */;
			projectDirPath = "";
			projectRoot = "";
			targets = (
				6B4ABF4226DDF1C70010A5D0 /* DDay */,
			);
		};
/* End PBXProject section */

/* Begin PBXResourcesBuildPhase section */
		6B4ABF4126DDF1C70010A5D0 /* Resources */ = {
			isa = PBXResourcesBuildPhase;
			buildActionMask = 2147483647;
			files = (
				6B4ABF5326DDF1C80010A5D0 /* LaunchScreen.storyboard in Resources */,
				6B4ABF5026DDF1C80010A5D0 /* Assets.xcassets in Resources */,
				6B4ABF4E26DDF1C70010A5D0 /* Main.storyboard in Resources */,
			);
			runOnlyForDeploymentPostprocessing = 0;
		};
/* End PBXResourcesBuildPhase section */

/* Begin PBXShellScriptBuildPhase section */
		28F594FA0C64D15A58FB9F62 /* [CP] Embed Pods Frameworks */ = {
			isa = PBXShellScriptBuildPhase;
			buildActionMask = 2147483647;
			files = (
			);
			inputFileListPaths = (
				"${PODS_ROOT}/Target Support Files/Pods-DDay/Pods-DDay-frameworks-${CONFIGURATION}-input-files.xcfilelist",
			);
			name = "[CP] Embed Pods Frameworks";
			outputFileListPaths = (
				"${PODS_ROOT}/Target Support Files/Pods-DDay/Pods-DDay-frameworks-${CONFIGURATION}-output-files.xcfilelist",
			);
			runOnlyForDeploymentPostprocessing = 0;
			shellPath = /bin/sh;
			shellScript = "\"${PODS_ROOT}/Target Support Files/Pods-DDay/Pods-DDay-frameworks.sh\"\n";
			showEnvVarsInLog = 0;
		};
		505AAB7456E5623D0D34B36C /* [CP] Check Pods Manifest.lock */ = {
			isa = PBXShellScriptBuildPhase;
			buildActionMask = 2147483647;
			files = (
			);
			inputFileListPaths = (
			);
			inputPaths = (
				"${PODS_PODFILE_DIR_PATH}/Podfile.lock",
				"${PODS_ROOT}/Manifest.lock",
			);
			name = "[CP] Check Pods Manifest.lock";
			outputFileListPaths = (
			);
			outputPaths = (
				"$(DERIVED_FILE_DIR)/Pods-DDay-checkManifestLockResult.txt",
			);
			runOnlyForDeploymentPostprocessing = 0;
			shellPath = /bin/sh;
			shellScript = "diff \"${PODS_PODFILE_DIR_PATH}/Podfile.lock\" \"${PODS_ROOT}/Manifest.lock\" > /dev/null\nif [ $? != 0 ] ; then\n    # print error to STDERR\n    echo \"error: The sandbox is not in sync with the Podfile.lock. Run 'pod install' or update your CocoaPods installation.\" >&2\n    exit 1\nfi\n# This output is used by Xcode 'outputs' to avoid re-running this script phase.\necho \"SUCCESS\" > \"${SCRIPT_OUTPUT_FILE_0}\"\n";
			showEnvVarsInLog = 0;
		};
/* End PBXShellScriptBuildPhase section */

/* Begin PBXSourcesBuildPhase section */
		6B4ABF3F26DDF1C70010A5D0 /* Sources */ = {
			isa = PBXSourcesBuildPhase;
			buildActionMask = 2147483647;
			files = (
				6B4ABF4B26DDF1C70010A5D0 /* ViewController.swift in Sources */,
				6B06038526E0ED1100AEF549 /* EventNameCell.swift in Sources */,
				6B06038726E0ED8400AEF549 /* DateCell.swift in Sources */,
				6B2BD1FA26E745750051C6A6 /* ListCell.swift in Sources */,
				6B06038926E0EDD100AEF549 /* CategoryCell.swift in Sources */,
				6B3F0DCC26DE3A9400DB9B00 /* List.swift in Sources */,
				6BBA60B126E0ABAE008FD70E /* AddEventController.swift in Sources */,
				6B4ABF4726DDF1C70010A5D0 /* AppDelegate.swift in Sources */,
				6B4ABF4926DDF1C70010A5D0 /* SceneDelegate.swift in Sources */,
				6B797A0526E224EE0076A2CF /* CategoryController.swift in Sources */,
			);
			runOnlyForDeploymentPostprocessing = 0;
		};
/* End PBXSourcesBuildPhase section */

/* Begin PBXVariantGroup section */
		6B4ABF4C26DDF1C70010A5D0 /* Main.storyboard */ = {
			isa = PBXVariantGroup;
			children = (
				6B4ABF4D26DDF1C70010A5D0 /* Base */,
			);
			name = Main.storyboard;
			sourceTree = "<group>";
		};
		6B4ABF5126DDF1C80010A5D0 /* LaunchScreen.storyboard */ = {
			isa = PBXVariantGroup;
			children = (
				6B4ABF5226DDF1C80010A5D0 /* Base */,
			);
			name = LaunchScreen.storyboard;
			sourceTree = "<group>";
		};
/* End PBXVariantGroup section */

/* Begin XCBuildConfiguration section */
		6B4ABF5526DDF1C80010A5D0 /* Debug */ = {
			isa = XCBuildConfiguration;
			buildSettings = {
				ALWAYS_SEARCH_USER_PATHS = NO;
				CLANG_ANALYZER_NONNULL = YES;
				CLANG_ANALYZER_NUMBER_OBJECT_CONVERSION = YES_AGGRESSIVE;
				CLANG_CXX_LANGUAGE_STANDARD = "gnu++14";
				CLANG_CXX_LIBRARY = "libc++";
				CLANG_ENABLE_MODULES = YES;
				CLANG_ENABLE_OBJC_ARC = YES;
				CLANG_ENABLE_OBJC_WEAK = YES;
				CLANG_WARN_BLOCK_CAPTURE_AUTORELEASING = YES;
				CLANG_WARN_BOOL_CONVERSION = YES;
				CLANG_WARN_COMMA = YES;
				CLANG_WARN_CONSTANT_CONVERSION = YES;
				CLANG_WARN_DEPRECATED_OBJC_IMPLEMENTATIONS = YES;
				CLANG_WARN_DIRECT_OBJC_ISA_USAGE = YES_ERROR;
				CLANG_WARN_DOCUMENTATION_COMMENTS = YES;
				CLANG_WARN_EMPTY_BODY = YES;
				CLANG_WARN_ENUM_CONVERSION = YES;
				CLANG_WARN_INFINITE_RECURSION = YES;
				CLANG_WARN_INT_CONVERSION = YES;
				CLANG_WARN_NON_LITERAL_NULL_CONVERSION = YES;
				CLANG_WARN_OBJC_IMPLICIT_RETAIN_SELF = YES;
				CLANG_WARN_OBJC_LITERAL_CONVERSION = YES;
				CLANG_WARN_OBJC_ROOT_CLASS = YES_ERROR;
				CLANG_WARN_QUOTED_INCLUDE_IN_FRAMEWORK_HEADER = YES;
				CLANG_WARN_RANGE_LOOP_ANALYSIS = YES;
				CLANG_WARN_STRICT_PROTOTYPES = YES;
				CLANG_WARN_SUSPICIOUS_MOVE = YES;
				CLANG_WARN_UNGUARDED_AVAILABILITY = YES_AGGRESSIVE;
				CLANG_WARN_UNREACHABLE_CODE = YES;
				CLANG_WARN__DUPLICATE_METHOD_MATCH = YES;
				COPY_PHASE_STRIP = NO;
				DEBUG_INFORMATION_FORMAT = dwarf;
				ENABLE_STRICT_OBJC_MSGSEND = YES;
				ENABLE_TESTABILITY = YES;
				GCC_C_LANGUAGE_STANDARD = gnu11;
				GCC_DYNAMIC_NO_PIC = NO;
				GCC_NO_COMMON_BLOCKS = YES;
				GCC_OPTIMIZATION_LEVEL = 0;
				GCC_PREPROCESSOR_DEFINITIONS = (
					"DEBUG=1",
					"$(inherited)",
				);
				GCC_WARN_64_TO_32_BIT_CONVERSION = YES;
				GCC_WARN_ABOUT_RETURN_TYPE = YES_ERROR;
				GCC_WARN_UNDECLARED_SELECTOR = YES;
				GCC_WARN_UNINITIALIZED_AUTOS = YES_AGGRESSIVE;
				GCC_WARN_UNUSED_FUNCTION = YES;
				GCC_WARN_UNUSED_VARIABLE = YES;
				IPHONEOS_DEPLOYMENT_TARGET = 14.5;
				MTL_ENABLE_DEBUG_INFO = INCLUDE_SOURCE;
				MTL_FAST_MATH = YES;
				ONLY_ACTIVE_ARCH = YES;
				SDKROOT = iphoneos;
				SWIFT_ACTIVE_COMPILATION_CONDITIONS = DEBUG;
				SWIFT_OPTIMIZATION_LEVEL = "-Onone";
			};
			name = Debug;
		};
		6B4ABF5626DDF1C80010A5D0 /* Release */ = {
			isa = XCBuildConfiguration;
			buildSettings = {
				ALWAYS_SEARCH_USER_PATHS = NO;
				CLANG_ANALYZER_NONNULL = YES;
				CLANG_ANALYZER_NUMBER_OBJECT_CONVERSION = YES_AGGRESSIVE;
				CLANG_CXX_LANGUAGE_STANDARD = "gnu++14";
				CLANG_CXX_LIBRARY = "libc++";
				CLANG_ENABLE_MODULES = YES;
				CLANG_ENABLE_OBJC_ARC = YES;
				CLANG_ENABLE_OBJC_WEAK = YES;
				CLANG_WARN_BLOCK_CAPTURE_AUTORELEASING = YES;
				CLANG_WARN_BOOL_CONVERSION = YES;
				CLANG_WARN_COMMA = YES;
				CLANG_WARN_CONSTANT_CONVERSION = YES;
				CLANG_WARN_DEPRECATED_OBJC_IMPLEMENTATIONS = YES;
				CLANG_WARN_DIRECT_OBJC_ISA_USAGE = YES_ERROR;
				CLANG_WARN_DOCUMENTATION_COMMENTS = YES;
				CLANG_WARN_EMPTY_BODY = YES;
				CLANG_WARN_ENUM_CONVERSION = YES;
				CLANG_WARN_INFINITE_RECURSION = YES;
				CLANG_WARN_INT_CONVERSION = YES;
				CLANG_WARN_NON_LITERAL_NULL_CONVERSION = YES;
				CLANG_WARN_OBJC_IMPLICIT_RETAIN_SELF = YES;
				CLANG_WARN_OBJC_LITERAL_CONVERSION = YES;
				CLANG_WARN_OBJC_ROOT_CLASS = YES_ERROR;
				CLANG_WARN_QUOTED_INCLUDE_IN_FRAMEWORK_HEADER = YES;
				CLANG_WARN_RANGE_LOOP_ANALYSIS = YES;
				CLANG_WARN_STRICT_PROTOTYPES = YES;
				CLANG_WARN_SUSPICIOUS_MOVE = YES;
				CLANG_WARN_UNGUARDED_AVAILABILITY = YES_AGGRESSIVE;
				CLANG_WARN_UNREACHABLE_CODE = YES;
				CLANG_WARN__DUPLICATE_METHOD_MATCH = YES;
				COPY_PHASE_STRIP = NO;
				DEBUG_INFORMATION_FORMAT = "dwarf-with-dsym";
				ENABLE_NS_ASSERTIONS = NO;
				ENABLE_STRICT_OBJC_MSGSEND = YES;
				GCC_C_LANGUAGE_STANDARD = gnu11;
				GCC_NO_COMMON_BLOCKS = YES;
				GCC_WARN_64_TO_32_BIT_CONVERSION = YES;
				GCC_WARN_ABOUT_RETURN_TYPE = YES_ERROR;
				GCC_WARN_UNDECLARED_SELECTOR = YES;
				GCC_WARN_UNINITIALIZED_AUTOS = YES_AGGRESSIVE;
				GCC_WARN_UNUSED_FUNCTION = YES;
				GCC_WARN_UNUSED_VARIABLE = YES;
				IPHONEOS_DEPLOYMENT_TARGET = 14.5;
				MTL_ENABLE_DEBUG_INFO = NO;
				MTL_FAST_MATH = YES;
				SDKROOT = iphoneos;
				SWIFT_COMPILATION_MODE = wholemodule;
				SWIFT_OPTIMIZATION_LEVEL = "-O";
				VALIDATE_PRODUCT = YES;
			};
			name = Release;
		};
		6B4ABF5826DDF1C80010A5D0 /* Debug */ = {
			isa = XCBuildConfiguration;
			baseConfigurationReference = 1535A7EC0F39EA4316583496 /* Pods-DDay.debug.xcconfig */;
			buildSettings = {
				ASSETCATALOG_COMPILER_APPICON_NAME = AppIcon;
				ASSETCATALOG_COMPILER_GLOBAL_ACCENT_COLOR_NAME = AccentColor;
				CODE_SIGN_STYLE = Automatic;
				DEVELOPMENT_TEAM = 5T7Z9C78A9;
				INFOPLIST_FILE = DDay/Info.plist;
				LD_RUNPATH_SEARCH_PATHS = (
					"$(inherited)",
					"@executable_path/Frameworks",
				);
				PRODUCT_BUNDLE_IDENTIFIER = parkjonghun.DDay;
				PRODUCT_NAME = "$(TARGET_NAME)";
				SWIFT_VERSION = 5.0;
				TARGETED_DEVICE_FAMILY = "1,2";
			};
			name = Debug;
		};
		6B4ABF5926DDF1C80010A5D0 /* Release */ = {
			isa = XCBuildConfiguration;
			baseConfigurationReference = 38F91177D5F5FC00B9116EDA /* Pods-DDay.release.xcconfig */;
			buildSettings = {
				ASSETCATALOG_COMPILER_APPICON_NAME = AppIcon;
				ASSETCATALOG_COMPILER_GLOBAL_ACCENT_COLOR_NAME = AccentColor;
				CODE_SIGN_STYLE = Automatic;
				DEVELOPMENT_TEAM = 5T7Z9C78A9;
				INFOPLIST_FILE = DDay/Info.plist;
				LD_RUNPATH_SEARCH_PATHS = (
					"$(inherited)",
					"@executable_path/Frameworks",
				);
				PRODUCT_BUNDLE_IDENTIFIER = parkjonghun.DDay;
				PRODUCT_NAME = "$(TARGET_NAME)";
				SWIFT_VERSION = 5.0;
				TARGETED_DEVICE_FAMILY = "1,2";
			};
			name = Release;
		};
/* End XCBuildConfiguration section */

/* Begin XCConfigurationList section */
		6B4ABF3E26DDF1C70010A5D0 /* Build configuration list for PBXProject "DDay" */ = {
			isa = XCConfigurationList;
			buildConfigurations = (
				6B4ABF5526DDF1C80010A5D0 /* Debug */,
				6B4ABF5626DDF1C80010A5D0 /* Release */,
			);
			defaultConfigurationIsVisible = 0;
			defaultConfigurationName = Release;
		};
		6B4ABF5726DDF1C80010A5D0 /* Build configuration list for PBXNativeTarget "DDay" */ = {
			isa = XCConfigurationList;
			buildConfigurations = (
				6B4ABF5826DDF1C80010A5D0 /* Debug */,
				6B4ABF5926DDF1C80010A5D0 /* Release */,
			);
			defaultConfigurationIsVisible = 0;
			defaultConfigurationName = Release;
		};
/* End XCConfigurationList section */
	};
	rootObject = 6B4ABF3B26DDF1C70010A5D0 /* Project object */;
}
